{
  "name": "node_pdf_split",
  "version": "1.0.0",
  "lockfileVersion": 3,
  "requires": true,
  "packages": {
    "": {
      "name": "node_pdf_split",
      "version": "1.0.0",
      "license": "ISC",
      "dependencies": {
        "chalk": "^4.1.2",
        "core-js": "^3.47.0",
        "fs-extra": "^11.3.3",
        "pdf-lib": "^1.17.1",
        "pdf-parse": "^2.4.5",
        "pdfjs-dist": "^2.12.313"
      }
    },
    "node_modules/@napi-rs/canvas": {
      "version": "0.1.80",
      "resolved": "https://registry.npmjs.org/@napi-rs/canvas/-/canvas-0.1.80.tgz",
      "integrity": "sha512-DxuT1ClnIPts1kQx8FBmkk4BQDTfI5kIzywAaMjQSXfNnra5UFU9PwurXrl+Je3bJ6BGsp/zmshVVFbCmyI+ww==",
      "license": "MIT",
      "workspaces": [
        "e2e/*"
      ],
      "engines": {
        "node": ">= 10"
      },
      "optionalDependencies": {
        "@napi-rs/canvas-android-arm64": "0.1.80",
        "@napi-rs/canvas-darwin-arm64": "0.1.80",
        "@napi-rs/canvas-darwin-x64": "0.1.80",
        "@napi-rs/canvas-linux-arm-gnueabihf": "0.1.80",
        "@napi-rs/canvas-linux-arm64-gnu": "0.1.80",
        "@napi-rs/canvas-linux-arm64-musl": "0.1.80",
        "@napi-rs/canvas-linux-riscv64-gnu": "0.1.80",
        "@napi-rs/canvas-linux-x64-gnu": "0.1.80",
        "@napi-rs/canvas-linux-x64-musl": "0.1.80",
        "@napi-rs/canvas-win32-x64-msvc": "0.1.80"
      }
    },
    "node_modules/@napi-rs/canvas-android-arm64": {
      "version": "0.1.80",
      "resolved": "https://registry.npmjs.org/@napi-rs/canvas-android-arm64/-/canvas-android-arm64-0.1.80.tgz",
      "integrity": "sha512-sk7xhN/MoXeuExlggf91pNziBxLPVUqF2CAVnB57KLG/pz7+U5TKG8eXdc3pm0d7Od0WreB6ZKLj37sX9muGOQ==",
      "cpu": [
        "arm64"
      ],
      "license": "MIT",
      "optional": true,
      "os": [
        "android"
      ],
      "engines": {
        "node": ">= 10"
      }
    },
    "node_modules/@napi-rs/canvas-darwin-arm64": {
      "version": "0.1.80",
      "resolved": "https://registry.npmjs.org/@napi-rs/canvas-darwin-arm64/-/canvas-darwin-arm64-0.1.80.tgz",
      "integrity": "sha512-O64APRTXRUiAz0P8gErkfEr3lipLJgM6pjATwavZ22ebhjYl/SUbpgM0xcWPQBNMP1n29afAC/Us5PX1vg+JNQ==",
      "cpu": [
        "arm64"
      ],
      "license": "MIT",
      "optional": true,
      "os": [
        "darwin"
      ],
      "engines": {
        "node": ">= 10"
      }
    },
    "node_modules/@napi-rs/canvas-darwin-x64": {
      "version": "0.1.80",
      "resolved": "https://registry.npmjs.org/@napi-rs/canvas-darwin-x64/-/canvas-darwin-x64-0.1.80.tgz",
      "integrity": "sha512-FqqSU7qFce0Cp3pwnTjVkKjjOtxMqRe6lmINxpIZYaZNnVI0H5FtsaraZJ36SiTHNjZlUB69/HhxNDT1Aaa9vA==",
      "cpu": [
        "x64"
      ],
      "license": "MIT",
      "optional": true,
      "os": [
        "darwin"
      ],
      "engines": {
        "node": ">= 10"
      }
    },
    "node_modules/@napi-rs/canvas-linux-arm-gnueabihf": {
      "version": "0.1.80",
      "resolved": "https://registry.npmjs.org/@napi-rs/canvas-linux-arm-gnueabihf/-/canvas-linux-arm-gnueabihf-0.1.80.tgz",
      "integrity": "sha512-eyWz0ddBDQc7/JbAtY4OtZ5SpK8tR4JsCYEZjCE3dI8pqoWUC8oMwYSBGCYfsx2w47cQgQCgMVRVTFiiO38hHQ==",
      "cpu": [
        "arm"
      ],
      "license": "MIT",
      "optional": true,
      "os": [
        "linux"
      ],
      "engines": {
        "node": ">= 10"
      }
    },
    "node_modules/@napi-rs/canvas-linux-arm64-gnu": {
      "version": "0.1.80",
      "resolved": "https://registry.npmjs.org/@napi-rs/canvas-linux-arm64-gnu/-/canvas-linux-arm64-gnu-0.1.80.tgz",
      "integrity": "sha512-qwA63t8A86bnxhuA/GwOkK3jvb+XTQaTiVML0vAWoHyoZYTjNs7BzoOONDgTnNtr8/yHrq64XXzUoLqDzU+Uuw==",
      "cpu": [
        "arm64"
      ],
      "license": "MIT",
      "optional": true,
      "os": [
        "linux"
      ],
      "engines": {
        "node": ">= 10"
      }
    },
    "node_modules/@napi-rs/canvas-linux-arm64-musl": {
      "version": "0.1.80",
      "resolved": "https://registry.npmjs.org/@napi-rs/canvas-linux-arm64-musl/-/canvas-linux-arm64-musl-0.1.80.tgz",
      "integrity": "sha512-1XbCOz/ymhj24lFaIXtWnwv/6eFHXDrjP0jYkc6iHQ9q8oXKzUX1Lc6bu+wuGiLhGh2GS/2JlfORC5ZcXimRcg==",
      "cpu": [
        "arm64"
      ],
      "license": "MIT",
      "optional": true,
      "os": [
        "linux"
      ],
      "engines": {
        "node": ">= 10"
      }
    },
    "node_modules/@napi-rs/canvas-linux-riscv64-gnu": {
      "version": "0.1.80",
      "resolved": "https://registry.npmjs.org/@napi-rs/canvas-linux-riscv64-gnu/-/canvas-linux-riscv64-gnu-0.1.80.tgz",
      "integrity": "sha512-XTzR125w5ZMs0lJcxRlS1K3P5RaZ9RmUsPtd1uGt+EfDyYMu4c6SEROYsxyatbbu/2+lPe7MPHOO/0a0x7L/gw==",
      "cpu": [
        "riscv64"
      ],
      "license": "MIT",
      "optional": true,
      "os": [
        "linux"
      ],
      "engines": {
        "node": ">= 10"
      }
    },
    "node_modules/@napi-rs/canvas-linux-x64-gnu": {
      "version": "0.1.80",
      "resolved": "https://registry.npmjs.org/@napi-rs/canvas-linux-x64-gnu/-/canvas-linux-x64-gnu-0.1.80.tgz",
      "integrity": "sha512-BeXAmhKg1kX3UCrJsYbdQd3hIMDH/K6HnP/pG2LuITaXhXBiNdh//TVVVVCBbJzVQaV5gK/4ZOCMrQW9mvuTqA==",
      "cpu": [
        "x64"
      ],
      "license": "MIT",
      "optional": true,
      "os": [
        "linux"
      ],
      "engines": {
        "node": ">= 10"
      }
    },
    "node_modules/@napi-rs/canvas-linux-x64-musl": {
      "version": "0.1.80",
      "resolved": "https://registry.npmjs.org/@napi-rs/canvas-linux-x64-musl/-/canvas-linux-x64-musl-0.1.80.tgz",
      "integrity": "sha512-x0XvZWdHbkgdgucJsRxprX/4o4sEed7qo9rCQA9ugiS9qE2QvP0RIiEugtZhfLH3cyI+jIRFJHV4Fuz+1BHHMg==",
      "cpu": [
        "x64"
      ],
      "license": "MIT",
      "optional": true,
      "os": [
        "linux"
      ],
      "engines": {
        "node": ">= 10"
      }
    },
    "node_modules/@napi-rs/canvas-win32-x64-msvc": {
      "version": "0.1.80",
      "resolved": "https://registry.npmjs.org/@napi-rs/canvas-win32-x64-msvc/-/canvas-win32-x64-msvc-0.1.80.tgz",
      "integrity": "sha512-Z8jPsM6df5V8B1HrCHB05+bDiCxjE9QA//3YrkKIdVDEwn5RKaqOxCJDRJkl48cJbylcrJbW4HxZbTte8juuPg==",
      "cpu": [
        "x64"
      ],
      "license": "MIT",
      "optional": true,
      "os": [
        "win32"
      ],
      "engines": {
        "node": ">= 10"
      }
    },
    "node_modules/@pdf-lib/standard-fonts": {
      "version": "1.0.0",
      "resolved": "https://registry.npmjs.org/@pdf-lib/standard-fonts/-/standard-fonts-1.0.0.tgz",
      "integrity": "sha512-hU30BK9IUN/su0Mn9VdlVKsWBS6GyhVfqjwl1FjZN4TxP6cCw0jP2w7V3Hf5uX7M0AZJ16vey9yE0ny7Sa59ZA==",
      "license": "MIT",
      "dependencies": {
        "pako": "^1.0.6"
      }
    },
    "node_modules/@pdf-lib/upng": {
      "version": "1.0.1",
      "resolved": "https://registry.npmjs.org/@pdf-lib/upng/-/upng-1.0.1.tgz",
      "integrity": "sha512-dQK2FUMQtowVP00mtIksrlZhdFXQZPC+taih1q4CvPZ5vqdxR/LKBaFg0oAfzd1GlHZXXSPdQfzQnt+ViGvEIQ==",
      "license": "MIT",
      "dependencies": {
        "pako": "^1.0.10"
      }
    },
    "node_modules/ansi-styles": {
      "version": "4.3.0",
      "resolved": "https://registry.npmjs.org/ansi-styles/-/ansi-styles-4.3.0.tgz",
      "integrity": "sha512-zbB9rCJAT1rbjiVDb2hqKFHNYLxgtk8NURxZ3IZwD3F6NtxbXZQCnnSi1Lkx+IDohdPlFp222wVALIheZJQSEg==",
      "license": "MIT",
      "dependencies": {
        "color-convert": "^2.0.1"
      },
      "engines": {
        "node": ">=8"
      },
      "funding": {
        "url": "https://github.com/chalk/ansi-styles?sponsor=1"
      }
    },
    "node_modules/chalk": {
      "version": "4.1.2",
      "resolved": "https://registry.npmjs.org/chalk/-/chalk-4.1.2.tgz",
      "integrity": "sha512-oKnbhFyRIXpUuez8iBMmyEa4nbj4IOQyuhc/wy9kY7/WVPcwIO9VA668Pu8RkO7+0G76SLROeyw9CpQ061i4mA==",
      "license": "MIT",
      "dependencies": {
        "ansi-styles": "^4.1.0",
        "supports-color": "^7.1.0"
      },
      "engines": {
        "node": ">=10"
      },
      "funding": {
        "url": "https://github.com/chalk/chalk?sponsor=1"
      }
    },
    "node_modules/color-convert": {
      "version": "2.0.1",
      "resolved": "https://registry.npmjs.org/color-convert/-/color-convert-2.0.1.tgz",
      "integrity": "sha512-RRECPsj7iu/xb5oKYcsFHSppFNnsj/52OVTRKb4zP5onXwVF3zVmmToNcOfGC+CRDpfK/U584fMg38ZHCaElKQ==",
      "license": "MIT",
      "dependencies": {
        "color-name": "~1.1.4"
      },
      "engines": {
        "node": ">=7.0.0"
      }
    },
    "node_modules/color-name": {
      "version": "1.1.4",
      "resolved": "https://registry.npmjs.org/color-name/-/color-name-1.1.4.tgz",
      "integrity": "sha512-dOy+3AuW3a2wNbZHIuMZpTcgjGuLU/uBL/ubcZF9OXbDo8ff4O8yVp5Bf0efS8uEoYo5q4Fx7dY9OgQGXgAsQA==",
      "license": "MIT"
    },
    "node_modules/core-js": {
      "version": "3.47.0",
      "resolved": "https://registry.npmjs.org/core-js/-/core-js-3.47.0.tgz",
      "integrity": "sha512-c3Q2VVkGAUyupsjRnaNX6u8Dq2vAdzm9iuPj5FW0fRxzlxgq9Q39MDq10IvmQSpLgHQNyQzQmOo6bgGHmH3NNg==",
      "hasInstallScript": true,
      "license": "MIT",
      "funding": {
        "type": "opencollective",
        "url": "https://opencollective.com/core-js"
      }
    },
    "node_modules/fs-extra": {
      "version": "11.3.3",
      "resolved": "https://registry.npmjs.org/fs-extra/-/fs-extra-11.3.3.tgz",
      "integrity": "sha512-VWSRii4t0AFm6ixFFmLLx1t7wS1gh+ckoa84aOeapGum0h+EZd1EhEumSB+ZdDLnEPuucsVB9oB7cxJHap6Afg==",
      "license": "MIT",
      "dependencies": {
        "graceful-fs": "^4.2.0",
        "jsonfile": "^6.0.1",
        "universalify": "^2.0.0"
      },
      "engines": {
        "node": ">=14.14"
      }
    },
    "node_modules/graceful-fs": {
      "version": "4.2.11",
      "resolved": "https://registry.npmjs.org/graceful-fs/-/graceful-fs-4.2.11.tgz",
      "integrity": "sha512-RbJ5/jmFcNNCcDV5o9eTnBLJ/HszWV0P73bc+Ff4nS/rJj+YaS6IGyiOL0VoBYX+l1Wrl3k63h/KrH+nhJ0XvQ==",
      "license": "ISC"
    },
    "node_modules/has-flag": {
      "version": "4.0.0",
      "resolved": "https://registry.npmjs.org/has-flag/-/has-flag-4.0.0.tgz",
      "integrity": "sha512-EykJT/Q1KjTWctppgIAgfSO0tKVuZUjhgMr17kqTumMl6Afv3EISleU7qZUzoXDFTAHTDC4NOoG/ZxU3EvlMPQ==",
      "license": "MIT",
      "engines": {
        "node": ">=8"
      }
    },
    "node_modules/jsonfile": {
      "version": "6.2.0",
      "resolved": "https://registry.npmjs.org/jsonfile/-/jsonfile-6.2.0.tgz",
      "integrity": "sha512-FGuPw30AdOIUTRMC2OMRtQV+jkVj2cfPqSeWXv1NEAJ1qZ5zb1X6z1mFhbfOB/iy3ssJCD+3KuZ8r8C3uVFlAg==",
      "license": "MIT",
      "dependencies": {
        "universalify": "^2.0.0"
      },
      "optionalDependencies": {
        "graceful-fs": "^4.1.6"
      }
    },
    "node_modules/pako": {
      "version": "1.0.11",
      "resolved": "https://registry.npmjs.org/pako/-/pako-1.0.11.tgz",
      "integrity": "sha512-4hLB8Py4zZce5s4yd9XzopqwVv/yGNhV1Bl8NTmCq1763HeK2+EwVTv+leGeL13Dnh2wfbqowVPXCIO0z4taYw==",
      "license": "(MIT AND Zlib)"
    },
    "node_modules/pdf-lib": {
      "version": "1.17.1",
      "resolved": "https://registry.npmjs.org/pdf-lib/-/pdf-lib-1.17.1.tgz",
      "integrity": "sha512-V/mpyJAoTsN4cnP31vc0wfNA1+p20evqqnap0KLoRUN0Yk/p3wN52DOEsL4oBFcLdb76hlpKPtzJIgo67j/XLw==",
      "license": "MIT",
      "dependencies": {
        "@pdf-lib/standard-fonts": "^1.0.0",
        "@pdf-lib/upng": "^1.0.1",
        "pako": "^1.0.11",
        "tslib": "^1.11.1"
      }
    },
    "node_modules/pdf-parse": {
      "version": "2.4.5",
      "resolved": "https://registry.npmjs.org/pdf-parse/-/pdf-parse-2.4.5.tgz",
      "integrity": "sha512-mHU89HGh7v+4u2ubfnevJ03lmPgQ5WU4CxAVmTSh/sxVTEDYd1er/dKS/A6vg77NX47KTEoihq8jZBLr8Cxuwg==",
      "license": "Apache-2.0",
      "dependencies": {
        "@napi-rs/canvas": "0.1.80",
        "pdfjs-dist": "5.4.296"
      },
      "bin": {
        "pdf-parse": "bin/cli.mjs"
      },
      "engines": {
        "node": ">=20.16.0 <21 || >=22.3.0"
      },
      "funding": {
        "type": "github",
        "url": "https://github.com/sponsors/mehmet-kozan"
      }
    },
    "node_modules/pdf-parse/node_modules/pdfjs-dist": {
      "version": "5.4.296",
      "resolved": "https://registry.npmjs.org/pdfjs-dist/-/pdfjs-dist-5.4.296.tgz",
      "integrity": "sha512-DlOzet0HO7OEnmUmB6wWGJrrdvbyJKftI1bhMitK7O2N8W2gc757yyYBbINy9IDafXAV9wmKr9t7xsTaNKRG5Q==",
      "license": "Apache-2.0",
      "engines": {
        "node": ">=20.16.0 || >=22.3.0"
      },
      "optionalDependencies": {
        "@napi-rs/canvas": "^0.1.80"
      }
    },
    "node_modules/pdfjs-dist": {
      "version": "2.12.313",
      "resolved": "https://registry.npmjs.org/pdfjs-dist/-/pdfjs-dist-2.12.313.tgz",
      "integrity": "sha512-1x6iXO4Qnv6Eb+YFdN5JdUzt4pAkxSp3aLAYPX93eQCyg/m7QFzXVWJHJVtoW48CI8HCXju4dSkhQZwoheL5mA==",
      "license": "Apache-2.0",
      "peerDependencies": {
        "worker-loader": "^3.0.8"
      },
      "peerDependenciesMeta": {
        "worker-loader": {
          "optional": true
        }
      }
    },
    "node_modules/supports-color": {
      "version": "7.2.0",
      "resolved": "https://registry.npmjs.org/supports-color/-/supports-color-7.2.0.tgz",
      "integrity": "sha512-qpCAvRl9stuOHveKsn7HncJRvv501qIacKzQlO/+Lwxc9+0q2wLyv4Dfvt80/DPn2pqOBsJdDiogXGR9+OvwRw==",
      "license": "MIT",
      "dependencies": {
        "has-flag": "^4.0.0"
      },
      "engines": {
        "node": ">=8"
      }
    },
    "node_modules/tslib": {
      "version": "1.14.1",
      "resolved": "https://registry.npmjs.org/tslib/-/tslib-1.14.1.tgz",
      "integrity": "sha512-Xni35NKzjgMrwevysHTCArtLDpPvye8zV/0E4EyYn43P7/7qvQwPh9BGkHewbMulVntbigmcT7rdX3BNo9wRJg==",
      "license": "0BSD"
    },
    "node_modules/universalify": {
      "version": "2.0.1",
      "resolved": "https://registry.npmjs.org/universalify/-/universalify-2.0.1.tgz",
      "integrity": "sha512-gptHNQghINnc/vTGIk0SOFGFNXw7JVrlRUtConJRlvaw6DuX0wO5Jeko9sWrMBhh+PsYAZ7oXAiOnf/UKogyiw==",
      "license": "MIT",
      "engines": {
        "node": ">= 10.0.0"
      }
    }
  }
}
